{
  "version": 4,
  "terraform_version": "0.12.24",
  "serial": 124,
  "lineage": "2206dc92-431b-d22a-238e-24fba6ba75e8",
  "outputs": {
    "aws_elb_public_dns": {
      "value": "nginx-elb-622090998.us-east-2.elb.amazonaws.com",
      "type": "string"
    }
  },
  "resources": [
    {
      "mode": "data",
      "type": "aws_ami",
      "name": "aws-linux",
      "provider": "provider.aws",
      "instances": [
        {
          "schema_version": 0,
          "attributes": {
            "architecture": "x86_64",
            "arn": "arn:aws:ec2:us-east-2::image/ami-0bdcc6c05dec346bf",
            "block_device_mappings": [
              {
                "device_name": "/dev/xvda",
                "ebs": {
                  "delete_on_termination": "true",
                  "encrypted": "false",
                  "iops": "0",
                  "snapshot_id": "snap-0ab1aa2109eddf758",
                  "volume_size": "8",
                  "volume_type": "gp2"
                },
                "no_device": "",
                "virtual_name": ""
              }
            ],
            "creation_date": "2020-06-16T06:29:09.000Z",
            "description": "Amazon Linux AMI 2018.03.0.20200602.1 x86_64 HVM gp2",
            "executable_users": null,
            "filter": [
              {
                "name": "name",
                "values": [
                  "amzn-ami-hvm*"
                ]
              },
              {
                "name": "root-device-type",
                "values": [
                  "ebs"
                ]
              },
              {
                "name": "virtualization-type",
                "values": [
                  "hvm"
                ]
              }
            ],
            "hypervisor": "xen",
            "id": "ami-0bdcc6c05dec346bf",
            "image_id": "ami-0bdcc6c05dec346bf",
            "image_location": "amazon/amzn-ami-hvm-2018.03.0.20200602.1-x86_64-gp2",
            "image_owner_alias": "amazon",
            "image_type": "machine",
            "kernel_id": null,
            "most_recent": true,
            "name": "amzn-ami-hvm-2018.03.0.20200602.1-x86_64-gp2",
            "name_regex": null,
            "owner_id": "137112412989",
            "owners": [
              "amazon"
            ],
            "platform": null,
            "product_codes": [],
            "public": true,
            "ramdisk_id": null,
            "root_device_name": "/dev/xvda",
            "root_device_type": "ebs",
            "root_snapshot_id": "snap-0ab1aa2109eddf758",
            "sriov_net_support": "simple",
            "state": "available",
            "state_reason": {
              "code": "UNSET",
              "message": "UNSET"
            },
            "tags": {},
            "virtualization_type": "hvm"
          }
        }
      ]
    },
    {
      "mode": "data",
      "type": "aws_availability_zones",
      "name": "available",
      "provider": "provider.aws",
      "instances": [
        {
          "schema_version": 0,
          "attributes": {
            "all_availability_zones": null,
            "blacklisted_names": null,
            "blacklisted_zone_ids": null,
            "exclude_names": null,
            "exclude_zone_ids": null,
            "filter": null,
            "group_names": [
              "us-east-2"
            ],
            "id": "2020-07-09 17:03:45.4267299 +0000 UTC",
            "names": [
              "us-east-2a",
              "us-east-2b",
              "us-east-2c"
            ],
            "state": null,
            "zone_ids": [
              "use2-az1",
              "use2-az2",
              "use2-az3"
            ]
          }
        }
      ]
    },
    {
      "mode": "managed",
      "type": "aws_elb",
      "name": "web",
      "provider": "provider.aws",
      "instances": [
        {
          "schema_version": 0,
          "attributes": {
            "access_logs": [],
            "arn": "arn:aws:elasticloadbalancing:us-east-2:909371103522:loadbalancer/nginx-elb",
            "availability_zones": [
              "us-east-2a",
              "us-east-2b"
            ],
            "connection_draining": false,
            "connection_draining_timeout": 300,
            "cross_zone_load_balancing": true,
            "dns_name": "nginx-elb-622090998.us-east-2.elb.amazonaws.com",
            "health_check": [
              {
                "healthy_threshold": 10,
                "interval": 30,
                "target": "TCP:80",
                "timeout": 5,
                "unhealthy_threshold": 2
              }
            ],
            "id": "nginx-elb",
            "idle_timeout": 60,
            "instances": [
              "i-0ca187d12ce9d5c32",
              "i-0d12f8a68df407497"
            ],
            "internal": false,
            "listener": [
              {
                "instance_port": 80,
                "instance_protocol": "http",
                "lb_port": 80,
                "lb_protocol": "http",
                "ssl_certificate_id": ""
              }
            ],
            "name": "nginx-elb",
            "name_prefix": null,
            "security_groups": [
              "sg-02441c0f908e4e7b9"
            ],
            "source_security_group": "909371103522/nginx_elb_sg",
            "source_security_group_id": "sg-02441c0f908e4e7b9",
            "subnets": [
              "subnet-02b362b1f312779a9",
              "subnet-0ddb6a39c4d39611b"
            ],
            "tags": {
              "BillingCode": "ACCT8675309",
              "Environment": "dev",
              "Name": "dev-elb"
            },
            "zone_id": "Z3AADJGX6KTTL2"
          },
          "private": "bnVsbA==",
          "dependencies": [
            "aws_instance.nginx1",
            "aws_instance.nginx2",
            "aws_security_group.elb-sg",
            "aws_subnet.subnet1",
            "aws_subnet.subnet2"
          ]
        }
      ]
    },
    {
      "mode": "managed",
      "type": "aws_iam_instance_profile",
      "name": "nginx_profile",
      "provider": "provider.aws",
      "instances": [
        {
          "schema_version": 0,
          "attributes": {
            "arn": "arn:aws:iam::909371103522:instance-profile/nginx_profile",
            "create_date": "2020-07-09T16:37:24Z",
            "id": "nginx_profile",
            "name": "nginx_profile",
            "name_prefix": null,
            "path": "/",
            "role": "allow_nginx_s3",
            "roles": [
              "allow_nginx_s3"
            ],
            "unique_id": "AIPA5HOV53ERATPTK27W6"
          },
          "private": "bnVsbA==",
          "dependencies": [
            "aws_iam_role.allow_nginx_s3"
          ]
        }
      ]
    },
    {
      "mode": "managed",
      "type": "aws_iam_role",
      "name": "allow_nginx_s3",
      "provider": "provider.aws",
      "instances": [
        {
          "schema_version": 0,
          "attributes": {
            "arn": "arn:aws:iam::909371103522:role/allow_nginx_s3",
            "assume_role_policy": "{\"Version\":\"2012-10-17\",\"Statement\":[{\"Sid\":\"\",\"Effect\":\"Allow\",\"Principal\":{\"Service\":\"ec2.amazonaws.com\"},\"Action\":\"sts:AssumeRole\"}]}",
            "create_date": "2020-07-09T16:34:40Z",
            "description": "",
            "force_detach_policies": false,
            "id": "allow_nginx_s3",
            "max_session_duration": 3600,
            "name": "allow_nginx_s3",
            "name_prefix": null,
            "path": "/",
            "permissions_boundary": null,
            "tags": {},
            "unique_id": "AROA5HOV53ERL65N32KOX"
          },
          "private": "bnVsbA=="
        }
      ]
    },
    {
      "mode": "managed",
      "type": "aws_iam_role_policy",
      "name": "allow_s3_all",
      "provider": "provider.aws",
      "instances": [
        {
          "schema_version": 0,
          "attributes": {
            "id": "allow_nginx_s3:allow_s3_all",
            "name": "allow_s3_all",
            "name_prefix": null,
            "policy": "{\n  \"Version\": \"2012-10-17\",\n  \"Statement\": [\n    {\n      \"Action\": [\n        \"s3:*\"\n      ],\n      \"Effect\": \"Allow\",\n      \"Resource\": [\n                \"arn:aws:s3:::globolo-dev-23180\",\n                \"arn:aws:s3:::globolo-dev-23180/*\"\n            ]\n    }\n  ]\n}\n",
            "role": "allow_nginx_s3"
          },
          "private": "bnVsbA==",
          "dependencies": [
            "aws_iam_role.allow_nginx_s3",
            "random_integer.rand"
          ]
        }
      ]
    },
    {
      "mode": "managed",
      "type": "aws_instance",
      "name": "nginx1",
      "provider": "provider.aws",
      "instances": [
        {
          "schema_version": 1,
          "attributes": {
            "ami": "ami-0bdcc6c05dec346bf",
            "arn": "arn:aws:ec2:us-east-2:909371103522:instance/i-0d12f8a68df407497",
            "associate_public_ip_address": true,
            "availability_zone": "us-east-2a",
            "cpu_core_count": 1,
            "cpu_threads_per_core": 1,
            "credit_specification": [
              {
                "cpu_credits": "standard"
              }
            ],
            "disable_api_termination": false,
            "ebs_block_device": [],
            "ebs_optimized": false,
            "ephemeral_block_device": [],
            "get_password_data": false,
            "hibernation": false,
            "host_id": null,
            "iam_instance_profile": "nginx_profile",
            "id": "i-0d12f8a68df407497",
            "instance_initiated_shutdown_behavior": null,
            "instance_state": "running",
            "instance_type": "t2.micro",
            "ipv6_address_count": 0,
            "ipv6_addresses": [],
            "key_name": "Pluralsight",
            "metadata_options": [
              {
                "http_endpoint": "enabled",
                "http_put_response_hop_limit": 1,
                "http_tokens": "optional"
              }
            ],
            "monitoring": false,
            "network_interface": [],
            "network_interface_id": null,
            "outpost_arn": "",
            "password_data": "",
            "placement_group": "",
            "primary_network_interface_id": "eni-080cf788140070835",
            "private_dns": "ip-10-1-0-177.us-east-2.compute.internal",
            "private_ip": "10.1.0.177",
            "public_dns": "",
            "public_ip": "18.216.228.175",
            "root_block_device": [
              {
                "delete_on_termination": true,
                "device_name": "/dev/xvda",
                "encrypted": false,
                "iops": 100,
                "kms_key_id": "",
                "volume_id": "vol-07d5d6c8948f0e872",
                "volume_size": 8,
                "volume_type": "gp2"
              }
            ],
            "security_groups": [],
            "source_dest_check": true,
            "subnet_id": "subnet-02b362b1f312779a9",
            "tags": {
              "BillingCode": "ACCT8675309",
              "Environment": "dev",
              "Name": "dev-nginx1"
            },
            "tenancy": "default",
            "timeouts": null,
            "user_data": null,
            "user_data_base64": null,
            "volume_tags": {},
            "vpc_security_group_ids": [
              "sg-0d18d7cba070314a3"
            ]
          },
          "private": "eyJlMmJmYjczMC1lY2FhLTExZTYtOGY4OC0zNDM2M2JjN2M0YzAiOnsiY3JlYXRlIjo2MDAwMDAwMDAwMDAsImRlbGV0ZSI6MTIwMDAwMDAwMDAwMCwidXBkYXRlIjo2MDAwMDAwMDAwMDB9LCJzY2hlbWFfdmVyc2lvbiI6IjEifQ==",
          "dependencies": [
            "aws_iam_instance_profile.nginx_profile",
            "aws_s3_bucket.web_bucket",
            "aws_security_group.nginx-sg",
            "aws_subnet.subnet1",
            "random_integer.rand"
          ]
        }
      ]
    },
    {
      "mode": "managed",
      "type": "aws_instance",
      "name": "nginx2",
      "provider": "provider.aws",
      "instances": [
        {
          "schema_version": 1,
          "attributes": {
            "ami": "ami-0bdcc6c05dec346bf",
            "arn": "arn:aws:ec2:us-east-2:909371103522:instance/i-0ca187d12ce9d5c32",
            "associate_public_ip_address": true,
            "availability_zone": "us-east-2b",
            "cpu_core_count": 1,
            "cpu_threads_per_core": 1,
            "credit_specification": [
              {
                "cpu_credits": "standard"
              }
            ],
            "disable_api_termination": false,
            "ebs_block_device": [],
            "ebs_optimized": false,
            "ephemeral_block_device": [],
            "get_password_data": false,
            "hibernation": false,
            "host_id": null,
            "iam_instance_profile": "nginx_profile",
            "id": "i-0ca187d12ce9d5c32",
            "instance_initiated_shutdown_behavior": null,
            "instance_state": "running",
            "instance_type": "t2.micro",
            "ipv6_address_count": 0,
            "ipv6_addresses": [],
            "key_name": "Pluralsight",
            "metadata_options": [
              {
                "http_endpoint": "enabled",
                "http_put_response_hop_limit": 1,
                "http_tokens": "optional"
              }
            ],
            "monitoring": false,
            "network_interface": [],
            "network_interface_id": null,
            "outpost_arn": "",
            "password_data": "",
            "placement_group": "",
            "primary_network_interface_id": "eni-099ee1a7b333d1a3a",
            "private_dns": "ip-10-1-1-22.us-east-2.compute.internal",
            "private_ip": "10.1.1.22",
            "public_dns": "",
            "public_ip": "3.135.231.209",
            "root_block_device": [
              {
                "delete_on_termination": true,
                "device_name": "/dev/xvda",
                "encrypted": false,
                "iops": 100,
                "kms_key_id": "",
                "volume_id": "vol-061060630adc81177",
                "volume_size": 8,
                "volume_type": "gp2"
              }
            ],
            "security_groups": [],
            "source_dest_check": true,
            "subnet_id": "subnet-0ddb6a39c4d39611b",
            "tags": {
              "BillingCode": "ACCT8675309",
              "Environment": "dev",
              "Name": "dev-nginx2"
            },
            "tenancy": "default",
            "timeouts": null,
            "user_data": null,
            "user_data_base64": null,
            "volume_tags": {},
            "vpc_security_group_ids": [
              "sg-0d18d7cba070314a3"
            ]
          },
          "private": "eyJlMmJmYjczMC1lY2FhLTExZTYtOGY4OC0zNDM2M2JjN2M0YzAiOnsiY3JlYXRlIjo2MDAwMDAwMDAwMDAsImRlbGV0ZSI6MTIwMDAwMDAwMDAwMCwidXBkYXRlIjo2MDAwMDAwMDAwMDB9LCJzY2hlbWFfdmVyc2lvbiI6IjEifQ==",
          "dependencies": [
            "aws_iam_instance_profile.nginx_profile",
            "aws_s3_bucket.web_bucket",
            "aws_security_group.nginx-sg",
            "aws_subnet.subnet2",
            "random_integer.rand"
          ]
        }
      ]
    },
    {
      "mode": "managed",
      "type": "aws_internet_gateway",
      "name": "igw",
      "provider": "provider.aws",
      "instances": [
        {
          "schema_version": 0,
          "attributes": {
            "arn": "arn:aws:ec2:us-east-2:909371103522:internet-gateway/igw-025ad8cc772a47123",
            "id": "igw-025ad8cc772a47123",
            "owner_id": "909371103522",
            "tags": {
              "BillingCode": "ACCT8675309",
              "Environment": "dev",
              "Name": "dev-igw"
            },
            "vpc_id": "vpc-0e5de9d5df17b6e68"
          },
          "private": "bnVsbA==",
          "dependencies": [
            "aws_vpc.vpc"
          ]
        }
      ]
    },
    {
      "mode": "managed",
      "type": "aws_route_table",
      "name": "rtb",
      "provider": "provider.aws",
      "instances": [
        {
          "schema_version": 0,
          "attributes": {
            "id": "rtb-01112040ea1ef0484",
            "owner_id": "909371103522",
            "propagating_vgws": [],
            "route": [
              {
                "cidr_block": "0.0.0.0/0",
                "egress_only_gateway_id": "",
                "gateway_id": "igw-025ad8cc772a47123",
                "instance_id": "",
                "ipv6_cidr_block": "",
                "nat_gateway_id": "",
                "network_interface_id": "",
                "transit_gateway_id": "",
                "vpc_peering_connection_id": ""
              }
            ],
            "tags": {
              "BillingCode": "ACCT8675309",
              "Environment": "dev",
              "Name": "dev-rtb"
            },
            "vpc_id": "vpc-0e5de9d5df17b6e68"
          },
          "private": "bnVsbA==",
          "dependencies": [
            "aws_internet_gateway.igw",
            "aws_vpc.vpc"
          ]
        }
      ]
    },
    {
      "mode": "managed",
      "type": "aws_route_table_association",
      "name": "rta-subnet1",
      "provider": "provider.aws",
      "instances": [
        {
          "schema_version": 0,
          "attributes": {
            "gateway_id": null,
            "id": "rtbassoc-0d5503a13278271a5",
            "route_table_id": "rtb-01112040ea1ef0484",
            "subnet_id": "subnet-02b362b1f312779a9"
          },
          "private": "bnVsbA==",
          "dependencies": [
            "aws_internet_gateway.igw",
            "aws_route_table.rtb",
            "aws_subnet.subnet1",
            "aws_vpc.vpc"
          ]
        }
      ]
    },
    {
      "mode": "managed",
      "type": "aws_route_table_association",
      "name": "rta-subnet2",
      "provider": "provider.aws",
      "instances": [
        {
          "schema_version": 0,
          "attributes": {
            "gateway_id": null,
            "id": "rtbassoc-0b95ed1cdabe44e2a",
            "route_table_id": "rtb-01112040ea1ef0484",
            "subnet_id": "subnet-0ddb6a39c4d39611b"
          },
          "private": "bnVsbA==",
          "dependencies": [
            "aws_internet_gateway.igw",
            "aws_route_table.rtb",
            "aws_subnet.subnet2",
            "aws_vpc.vpc"
          ]
        }
      ]
    },
    {
      "mode": "managed",
      "type": "aws_s3_bucket",
      "name": "web_bucket",
      "provider": "provider.aws",
      "instances": [
        {
          "schema_version": 0,
          "attributes": {
            "acceleration_status": "",
            "acl": "private",
            "arn": "arn:aws:s3:::globolo-dev-23180",
            "bucket": "globolo-dev-23180",
            "bucket_domain_name": "globolo-dev-23180.s3.amazonaws.com",
            "bucket_prefix": null,
            "bucket_regional_domain_name": "globolo-dev-23180.s3.us-east-2.amazonaws.com",
            "cors_rule": [],
            "force_destroy": true,
            "grant": [],
            "hosted_zone_id": "Z2O1EMRO9K5GLX",
            "id": "globolo-dev-23180",
            "lifecycle_rule": [],
            "logging": [],
            "object_lock_configuration": [],
            "policy": null,
            "region": "us-east-2",
            "replication_configuration": [],
            "request_payer": "BucketOwner",
            "server_side_encryption_configuration": [],
            "tags": {
              "BillingCode": "ACCT8675309",
              "Environment": "dev",
              "Name": "dev-web-bucket"
            },
            "versioning": [
              {
                "enabled": false,
                "mfa_delete": false
              }
            ],
            "website": [],
            "website_domain": null,
            "website_endpoint": null
          },
          "private": "bnVsbA==",
          "dependencies": [
            "random_integer.rand"
          ]
        }
      ]
    },
    {
      "mode": "managed",
      "type": "aws_s3_bucket_object",
      "name": "graphic",
      "provider": "provider.aws",
      "instances": [
        {
          "schema_version": 0,
          "attributes": {
            "acl": "private",
            "bucket": "globolo-dev-23180",
            "cache_control": "",
            "content": null,
            "content_base64": null,
            "content_disposition": "",
            "content_encoding": "",
            "content_language": "",
            "content_type": "binary/octet-stream",
            "etag": "e687fb69f04d709058ec93b505e8c8ee",
            "force_destroy": false,
            "id": "/website/Globo_logo_Vert.png",
            "key": "/website/Globo_logo_Vert.png",
            "kms_key_id": null,
            "metadata": {},
            "object_lock_legal_hold_status": "",
            "object_lock_mode": "",
            "object_lock_retain_until_date": "",
            "server_side_encryption": "",
            "source": "./Globo_logo_Vert.png",
            "storage_class": "STANDARD",
            "tags": {},
            "version_id": "",
            "website_redirect": ""
          },
          "private": "bnVsbA==",
          "dependencies": [
            "aws_s3_bucket.web_bucket",
            "random_integer.rand"
          ]
        }
      ]
    },
    {
      "mode": "managed",
      "type": "aws_s3_bucket_object",
      "name": "website",
      "provider": "provider.aws",
      "instances": [
        {
          "schema_version": 0,
          "attributes": {
            "acl": "private",
            "bucket": "globolo-dev-23180",
            "cache_control": "",
            "content": null,
            "content_base64": null,
            "content_disposition": "",
            "content_encoding": "",
            "content_language": "",
            "content_type": "binary/octet-stream",
            "etag": "44a6a492b63ad38d907a82a83c193ffa",
            "force_destroy": false,
            "id": "/website/index.html",
            "key": "/website/index.html",
            "kms_key_id": null,
            "metadata": {},
            "object_lock_legal_hold_status": "",
            "object_lock_mode": "",
            "object_lock_retain_until_date": "",
            "server_side_encryption": "",
            "source": "./index.html",
            "storage_class": "STANDARD",
            "tags": {},
            "version_id": "",
            "website_redirect": ""
          },
          "private": "bnVsbA==",
          "dependencies": [
            "aws_s3_bucket.web_bucket",
            "random_integer.rand"
          ]
        }
      ]
    },
    {
      "mode": "managed",
      "type": "aws_security_group",
      "name": "elb-sg",
      "provider": "provider.aws",
      "instances": [
        {
          "schema_version": 1,
          "attributes": {
            "arn": "arn:aws:ec2:us-east-2:909371103522:security-group/sg-02441c0f908e4e7b9",
            "description": "Managed by Terraform",
            "egress": [
              {
                "cidr_blocks": [
                  "0.0.0.0/0"
                ],
                "description": "",
                "from_port": 0,
                "ipv6_cidr_blocks": [],
                "prefix_list_ids": [],
                "protocol": "-1",
                "security_groups": [],
                "self": false,
                "to_port": 0
              }
            ],
            "id": "sg-02441c0f908e4e7b9",
            "ingress": [
              {
                "cidr_blocks": [
                  "0.0.0.0/0"
                ],
                "description": "",
                "from_port": 80,
                "ipv6_cidr_blocks": [],
                "prefix_list_ids": [],
                "protocol": "tcp",
                "security_groups": [],
                "self": false,
                "to_port": 80
              }
            ],
            "name": "nginx_elb_sg",
            "name_prefix": null,
            "owner_id": "909371103522",
            "revoke_rules_on_delete": false,
            "tags": {
              "BillingCode": "ACCT8675309",
              "Environment": "dev",
              "Name": "dev-elb"
            },
            "timeouts": null,
            "vpc_id": "vpc-0e5de9d5df17b6e68"
          },
          "private": "eyJlMmJmYjczMC1lY2FhLTExZTYtOGY4OC0zNDM2M2JjN2M0YzAiOnsiY3JlYXRlIjo2MDAwMDAwMDAwMDAsImRlbGV0ZSI6NjAwMDAwMDAwMDAwfSwic2NoZW1hX3ZlcnNpb24iOiIxIn0=",
          "dependencies": [
            "aws_vpc.vpc"
          ]
        }
      ]
    },
    {
      "mode": "managed",
      "type": "aws_security_group",
      "name": "nginx-sg",
      "provider": "provider.aws",
      "instances": [
        {
          "schema_version": 1,
          "attributes": {
            "arn": "arn:aws:ec2:us-east-2:909371103522:security-group/sg-0d18d7cba070314a3",
            "description": "Managed by Terraform",
            "egress": [
              {
                "cidr_blocks": [
                  "0.0.0.0/0"
                ],
                "description": "",
                "from_port": 0,
                "ipv6_cidr_blocks": [],
                "prefix_list_ids": [],
                "protocol": "-1",
                "security_groups": [],
                "self": false,
                "to_port": 0
              }
            ],
            "id": "sg-0d18d7cba070314a3",
            "ingress": [
              {
                "cidr_blocks": [
                  "0.0.0.0/0"
                ],
                "description": "",
                "from_port": 22,
                "ipv6_cidr_blocks": [],
                "prefix_list_ids": [],
                "protocol": "tcp",
                "security_groups": [],
                "self": false,
                "to_port": 22
              },
              {
                "cidr_blocks": [
                  "10.1.0.0/16"
                ],
                "description": "",
                "from_port": 80,
                "ipv6_cidr_blocks": [],
                "prefix_list_ids": [],
                "protocol": "tcp",
                "security_groups": [],
                "self": false,
                "to_port": 80
              }
            ],
            "name": "nginx_sg",
            "name_prefix": null,
            "owner_id": "909371103522",
            "revoke_rules_on_delete": false,
            "tags": {
              "BillingCode": "ACCT8675309",
              "Environment": "dev",
              "Name": "dev-nginx"
            },
            "timeouts": null,
            "vpc_id": "vpc-0e5de9d5df17b6e68"
          },
          "private": "eyJlMmJmYjczMC1lY2FhLTExZTYtOGY4OC0zNDM2M2JjN2M0YzAiOnsiY3JlYXRlIjo2MDAwMDAwMDAwMDAsImRlbGV0ZSI6NjAwMDAwMDAwMDAwfSwic2NoZW1hX3ZlcnNpb24iOiIxIn0=",
          "dependencies": [
            "aws_vpc.vpc"
          ]
        }
      ]
    },
    {
      "mode": "managed",
      "type": "aws_subnet",
      "name": "subnet1",
      "provider": "provider.aws",
      "instances": [
        {
          "schema_version": 1,
          "attributes": {
            "arn": "arn:aws:ec2:us-east-2:909371103522:subnet/subnet-02b362b1f312779a9",
            "assign_ipv6_address_on_creation": false,
            "availability_zone": "us-east-2a",
            "availability_zone_id": "use2-az1",
            "cidr_block": "10.1.0.0/24",
            "id": "subnet-02b362b1f312779a9",
            "ipv6_cidr_block": "",
            "ipv6_cidr_block_association_id": "",
            "map_public_ip_on_launch": true,
            "outpost_arn": "",
            "owner_id": "909371103522",
            "tags": {
              "BillingCode": "ACCT8675309",
              "Environment": "dev",
              "Name": "dev-subnet1"
            },
            "timeouts": null,
            "vpc_id": "vpc-0e5de9d5df17b6e68"
          },
          "private": "eyJlMmJmYjczMC1lY2FhLTExZTYtOGY4OC0zNDM2M2JjN2M0YzAiOnsiY3JlYXRlIjo2MDAwMDAwMDAwMDAsImRlbGV0ZSI6MTIwMDAwMDAwMDAwMH0sInNjaGVtYV92ZXJzaW9uIjoiMSJ9",
          "dependencies": [
            "aws_vpc.vpc"
          ]
        }
      ]
    },
    {
      "mode": "managed",
      "type": "aws_subnet",
      "name": "subnet2",
      "provider": "provider.aws",
      "instances": [
        {
          "schema_version": 1,
          "attributes": {
            "arn": "arn:aws:ec2:us-east-2:909371103522:subnet/subnet-0ddb6a39c4d39611b",
            "assign_ipv6_address_on_creation": false,
            "availability_zone": "us-east-2b",
            "availability_zone_id": "use2-az2",
            "cidr_block": "10.1.1.0/24",
            "id": "subnet-0ddb6a39c4d39611b",
            "ipv6_cidr_block": "",
            "ipv6_cidr_block_association_id": "",
            "map_public_ip_on_launch": true,
            "outpost_arn": "",
            "owner_id": "909371103522",
            "tags": {
              "BillingCode": "ACCT8675309",
              "Environment": "dev",
              "Name": "dev-subnet2"
            },
            "timeouts": null,
            "vpc_id": "vpc-0e5de9d5df17b6e68"
          },
          "private": "eyJlMmJmYjczMC1lY2FhLTExZTYtOGY4OC0zNDM2M2JjN2M0YzAiOnsiY3JlYXRlIjo2MDAwMDAwMDAwMDAsImRlbGV0ZSI6MTIwMDAwMDAwMDAwMH0sInNjaGVtYV92ZXJzaW9uIjoiMSJ9",
          "dependencies": [
            "aws_vpc.vpc"
          ]
        }
      ]
    },
    {
      "mode": "managed",
      "type": "aws_vpc",
      "name": "vpc",
      "provider": "provider.aws",
      "instances": [
        {
          "schema_version": 1,
          "attributes": {
            "arn": "arn:aws:ec2:us-east-2:909371103522:vpc/vpc-0e5de9d5df17b6e68",
            "assign_generated_ipv6_cidr_block": false,
            "cidr_block": "10.1.0.0/16",
            "default_network_acl_id": "acl-0a76ee9c0e57a6c61",
            "default_route_table_id": "rtb-09f883f3d94aaa70c",
            "default_security_group_id": "sg-0602a4cee06950bc6",
            "dhcp_options_id": "dopt-f5508e9e",
            "enable_classiclink": null,
            "enable_classiclink_dns_support": null,
            "enable_dns_hostnames": false,
            "enable_dns_support": true,
            "id": "vpc-0e5de9d5df17b6e68",
            "instance_tenancy": "default",
            "ipv6_association_id": "",
            "ipv6_cidr_block": "",
            "main_route_table_id": "rtb-09f883f3d94aaa70c",
            "owner_id": "909371103522",
            "tags": {
              "BillingCode": "ACCT8675309",
              "Environment": "dev",
              "Name": "dev-vpc"
            }
          },
          "private": "eyJzY2hlbWFfdmVyc2lvbiI6IjEifQ=="
        }
      ]
    },
    {
      "mode": "managed",
      "type": "random_integer",
      "name": "rand",
      "provider": "provider.random",
      "instances": [
        {
          "schema_version": 0,
          "attributes": {
            "id": "23180",
            "keepers": null,
            "max": 99999,
            "min": 10000,
            "result": 23180,
            "seed": null
          },
          "private": "bnVsbA=="
        }
      ]
    }
  ]
}
